
Microsoft Visual Studio Solution File, Format Version 12.00
# Visual Studio Version 17
VisualStudioVersion = 17.12.35209.166
MinimumVisualStudioVersion = 10.0.40219.1
Project("{FAE04EC0-301F-11D3-BF4B-00C04F79EFBC}") = "DataProject", "DataProject.csproj", "{681F05FC-0CDC-4A36-8999-F8FA97FBD9BC}"
EndProject
Global
	GlobalSection(SolutionConfigurationPlatforms) = preSolution
		Debug|Any CPU = Debug|Any CPU
		Release|Any CPU = Release|Any CPU
	EndGlobalSection
	GlobalSection(ProjectConfigurationPlatforms) = postSolution
		{681F05FC-0CDC-4A36-8999-F8FA97FBD9BC}.Debug|Any CPU.ActiveCfg = Debug|Any CPU
		{681F05FC-0CDC-4A36-8999-F8FA97FBD9BC}.Debug|Any CPU.Build.0 = Debug|Any CPU
		{681F05FC-0CDC-4A36-8999-F8FA97FBD9BC}.Release|Any CPU.ActiveCfg = Release|Any CPU
		{681F05FC-0CDC-4A36-8999-F8FA97FBD9BC}.Release|Any CPU.Build.0 = Release|Any CPU
	EndGlobalSection
	GlobalSection(SolutionProperties) = preSolution
		HideSolutionNode = FALSE
	EndGlobalSection
	GlobalSection(ExtensibilityGlobals) = postSolution
		SolutionGuid = {D1BA58D3-9088-4931-8B27-74CD99F1BA9B}
	EndGlobalSection
EndGlobal
